
Microsoft Visual Studio Solution File, Format Version 12.00
# Visual Studio Version 17
VisualStudioVersion = 17.7.34009.444
MinimumVisualStudioVersion = 10.0.40219.1
Project("{8BC9CEB8-8B4A-11D0-8D11-00A0C91BC942}") = "2DRenderer_Example", "2DRenderer_Example\2DRenderer_Example.vcxproj", "{EA5146F6-898E-4840-856B-78DA94F467CA}"
EndProject
Project("{8BC9CEB8-8B4A-11D0-8D11-00A0C91BC942}") = "2DRenderer_Lib", "2DRenderer_Lib\2DRenderer_Lib.vcxproj", "{F5676FE7-69B6-4530-B428-FC9DF23BBD4F}"
EndProject
Global
	GlobalSection(SolutionConfigurationPlatforms) = preSolution
		Debug|x64 = Debug|x64
		Debug|x86 = Debug|x86
		Release|x64 = Release|x64
		Release|x86 = Release|x86
	EndGlobalSection
	GlobalSection(ProjectConfigurationPlatforms) = postSolution
		{EA5146F6-898E-4840-856B-78DA94F467CA}.Debug|x64.ActiveCfg = Debug|x64
		{EA5146F6-898E-4840-856B-78DA94F467CA}.Debug|x64.Build.0 = Debug|x64
		{EA5146F6-898E-4840-856B-78DA94F467CA}.Debug|x86.ActiveCfg = Debug|Win32
		{EA5146F6-898E-4840-856B-78DA94F467CA}.Debug|x86.Build.0 = Debug|Win32
		{EA5146F6-898E-4840-856B-78DA94F467CA}.Release|x64.ActiveCfg = Release|x64
		{EA5146F6-898E-4840-856B-78DA94F467CA}.Release|x64.Build.0 = Release|x64
		{EA5146F6-898E-4840-856B-78DA94F467CA}.Release|x86.ActiveCfg = Release|Win32
		{EA5146F6-898E-4840-856B-78DA94F467CA}.Release|x86.Build.0 = Release|Win32
		{F5676FE7-69B6-4530-B428-FC9DF23BBD4F}.Debug|x64.ActiveCfg = Debug|x64
		{F5676FE7-69B6-4530-B428-FC9DF23BBD4F}.Debug|x64.Build.0 = Debug|x64
		{F5676FE7-69B6-4530-B428-FC9DF23BBD4F}.Debug|x86.ActiveCfg = Debug|Win32
		{F5676FE7-69B6-4530-B428-FC9DF23BBD4F}.Debug|x86.Build.0 = Debug|Win32
		{F5676FE7-69B6-4530-B428-FC9DF23BBD4F}.Release|x64.ActiveCfg = Release|x64
		{F5676FE7-69B6-4530-B428-FC9DF23BBD4F}.Release|x64.Build.0 = Release|x64
		{F5676FE7-69B6-4530-B428-FC9DF23BBD4F}.Release|x86.ActiveCfg = Release|Win32
		{F5676FE7-69B6-4530-B428-FC9DF23BBD4F}.Release|x86.Build.0 = Release|Win32
	EndGlobalSection
	GlobalSection(SolutionProperties) = preSolution
		HideSolutionNode = FALSE
	EndGlobalSection
	GlobalSection(ExtensibilityGlobals) = postSolution
		SolutionGuid = {C7BDC728-7860-4C24-AB08-A26F70B8D512}
	EndGlobalSection
EndGlobal
